github.com/StephaneBunel/bresenham v0.0.0-20211027152503-ec76d7b8e923 h1:tiBl/Mvf7sSO5y3OVK7wznaQkLOCfHhX9KReDeN9WjE=
github.com/StephaneBunel/bresenham v0.0.0-20211027152503-ec76d7b8e923/go.mod h1:IEPPVq1llBFm+OeVCgoAyFiTqK5aE2c2tH4QEsjnQCM=
github.com/hmmftg/garabic v1.16.11 h1:fZKX3WcDC80I3RX/FbcuzSG1OKY92kCNRLZSI9xqxSo=
github.com/hmmftg/garabic v1.16.11/go.mod h1:S2no7yA5LcaXeKGX7bYa307VhlcqT2EhtgqwncSCFJo=
github.com/hmmftg/image v0.12.1 h1:YuMDD46LDzTqd4nGr8qFjGPJS8UBAJ5O73QrrB920Z0=
github.com/hmmftg/image v0.12.1/go.mod h1:Srwt/KgBNUwX7drC4nVbFGJ/BJHy8k4JG4GL5cBuBac=
golang.org/x/text v0.3.6/go.mod h1:5Zoc/QRtKVWzQhOtBMvqHzDpF6irO9z98xDceosuGiQ=
golang.org/x/text v0.13.0 h1:ablQoSUd0tRdKxZewP80B+BaqeKJuVhuRxj/dkrun3k=
golang.org/x/text v0.13.0/go.mod h1:TvPlkZtksWOMsz7fbANvkp4WM8x/WCo/om8BMLbz+aE=
golang.org/x/tools v0.0.0-20180917221912-90fa682c2a6e/go.mod h1:n7NCudcB/nEzxVGmLbDWY5pfWTLqBcC2KZ6jyYvM4mQ=
